
Microsoft Visual Studio Solution File, Format Version 12.00
# Visual Studio Version 17
VisualStudioVersion = 17.0.31912.275
MinimumVisualStudioVersion = 10.0.40219.1
Project("{8BC9CEB8-8B4A-11D0-8D11-00A0C91BC942}") = "ArithmeticOperators", "ArithmeticOperators\ArithmeticOperators.vcxproj", "{67875643-A390-426C-BE55-289AEF95A47B}"
EndProject
Global
	GlobalSection(SolutionConfigurationPlatforms) = preSolution
		Debug|Win32 = Debug|Win32
		Release|Win32 = Release|Win32
	EndGlobalSection
	GlobalSection(ProjectConfigurationPlatforms) = postSolution
		{67875643-A390-426C-BE55-289AEF95A47B}.Debug|Win32.ActiveCfg = Debug|Win32
		{67875643-A390-426C-BE55-289AEF95A47B}.Debug|Win32.Build.0 = Debug|Win32
		{67875643-A390-426C-BE55-289AEF95A47B}.Release|Win32.ActiveCfg = Release|Win32
		{67875643-A390-426C-BE55-289AEF95A47B}.Release|Win32.Build.0 = Release|Win32
	EndGlobalSection
	GlobalSection(SolutionProperties) = preSolution
		HideSolutionNode = FALSE
	EndGlobalSection
	GlobalSection(ExtensibilityGlobals) = postSolution
		SolutionGuid = {EFDEFAB0-ADD8-4013-AC3D-59B0A28D649D}
	EndGlobalSection
EndGlobal
